
Microsoft Visual Studio Solution File, Format Version 12.00
# Visual Studio Version 17
VisualStudioVersion = 17.9.34607.119
MinimumVisualStudioVersion = 10.0.40219.1
Project("{FAE04EC0-301F-11D3-BF4B-00C04F79EFBC}") = "WebAPI", "WebAPI\WebAPI.csproj", "{596EA905-2363-4B2F-80C3-4AB766901067}"
EndProject
Project("{FAE04EC0-301F-11D3-BF4B-00C04F79EFBC}") = "Business", "Business\Business.csproj", "{1A8B6A57-1C52-42B4-9433-9AB74733F8E9}"
EndProject
Project("{FAE04EC0-301F-11D3-BF4B-00C04F79EFBC}") = "DataAccess", "DataAccess\DataAccess.csproj", "{789AFB35-E45D-451F-A8B7-A1F63CE49C40}"
EndProject
Project("{FAE04EC0-301F-11D3-BF4B-00C04F79EFBC}") = "Entities", "Entities\Entities.csproj", "{34547938-DD1B-4D45-83F9-23717C14E2D7}"
EndProject
Project("{FAE04EC0-301F-11D3-BF4B-00C04F79EFBC}") = "Core", "Core\Core.csproj", "{2D4A36B9-AE34-46AC-86C1-7627204EFFE3}"
EndProject
Global
	GlobalSection(SolutionConfigurationPlatforms) = preSolution
		Debug|Any CPU = Debug|Any CPU
		Release|Any CPU = Release|Any CPU
	EndGlobalSection
	GlobalSection(ProjectConfigurationPlatforms) = postSolution
		{596EA905-2363-4B2F-80C3-4AB766901067}.Debug|Any CPU.ActiveCfg = Debug|Any CPU
		{596EA905-2363-4B2F-80C3-4AB766901067}.Debug|Any CPU.Build.0 = Debug|Any CPU
		{596EA905-2363-4B2F-80C3-4AB766901067}.Release|Any CPU.ActiveCfg = Release|Any CPU
		{596EA905-2363-4B2F-80C3-4AB766901067}.Release|Any CPU.Build.0 = Release|Any CPU
		{1A8B6A57-1C52-42B4-9433-9AB74733F8E9}.Debug|Any CPU.ActiveCfg = Debug|Any CPU
		{1A8B6A57-1C52-42B4-9433-9AB74733F8E9}.Debug|Any CPU.Build.0 = Debug|Any CPU
		{1A8B6A57-1C52-42B4-9433-9AB74733F8E9}.Release|Any CPU.ActiveCfg = Release|Any CPU
		{1A8B6A57-1C52-42B4-9433-9AB74733F8E9}.Release|Any CPU.Build.0 = Release|Any CPU
		{789AFB35-E45D-451F-A8B7-A1F63CE49C40}.Debug|Any CPU.ActiveCfg = Debug|Any CPU
		{789AFB35-E45D-451F-A8B7-A1F63CE49C40}.Debug|Any CPU.Build.0 = Debug|Any CPU
		{789AFB35-E45D-451F-A8B7-A1F63CE49C40}.Release|Any CPU.ActiveCfg = Release|Any CPU
		{789AFB35-E45D-451F-A8B7-A1F63CE49C40}.Release|Any CPU.Build.0 = Release|Any CPU
		{34547938-DD1B-4D45-83F9-23717C14E2D7}.Debug|Any CPU.ActiveCfg = Debug|Any CPU
		{34547938-DD1B-4D45-83F9-23717C14E2D7}.Debug|Any CPU.Build.0 = Debug|Any CPU
		{34547938-DD1B-4D45-83F9-23717C14E2D7}.Release|Any CPU.ActiveCfg = Release|Any CPU
		{34547938-DD1B-4D45-83F9-23717C14E2D7}.Release|Any CPU.Build.0 = Release|Any CPU
		{2D4A36B9-AE34-46AC-86C1-7627204EFFE3}.Debug|Any CPU.ActiveCfg = Debug|Any CPU
		{2D4A36B9-AE34-46AC-86C1-7627204EFFE3}.Debug|Any CPU.Build.0 = Debug|Any CPU
		{2D4A36B9-AE34-46AC-86C1-7627204EFFE3}.Release|Any CPU.ActiveCfg = Release|Any CPU
		{2D4A36B9-AE34-46AC-86C1-7627204EFFE3}.Release|Any CPU.Build.0 = Release|Any CPU
	EndGlobalSection
	GlobalSection(SolutionProperties) = preSolution
		HideSolutionNode = FALSE
	EndGlobalSection
	GlobalSection(ExtensibilityGlobals) = postSolution
		SolutionGuid = {4876116F-24B9-4A37-A767-C430C0D9C4A9}
	EndGlobalSection
EndGlobal
